{
  "requires": true,
  "lockfileVersion": 1,
  "dependencies": {
    "axios": {
      "version": "0.18.0",
      "resolved": "http://registry.npm.taobao.org/axios/download/axios-0.18.0.tgz",
      "dependencies": {
        "follow-redirects": {
          "version": "http://registry.npm.taobao.org/follow-redirects/download/follow-redirects-1.5.0.tgz",
          "bundled": true,
          "dependencies": {
            "debug": {
              "version": "http://registry.npm.taobao.org/debug/download/debug-3.1.0.tgz",
              "bundled": true,
              "dependencies": {
                "ms": {
                  "version": "http://registry.npm.taobao.org/ms/download/ms-2.0.0.tgz"
                }
              }
            }
          }
        },
        "is-buffer": {
          "version": "http://registry.npm.taobao.org/is-buffer/download/is-buffer-1.1.6.tgz",
          "bundled": true
        }
      }
    },
    "koa-router": {
      "version": "7.4.0",
      "resolved": "http://registry.npm.taobao.org/koa-router/download/koa-router-7.4.0.tgz",
      "dependencies": {
        "debug": {
          "version": "http://registry.npm.taobao.org/debug/download/debug-3.1.0.tgz",
          "bundled": true,
          "dependencies": {
            "ms": {
              "version": "http://registry.npm.taobao.org/ms/download/ms-2.0.0.tgz"
            }
          }
        },
        "http-errors": {
          "version": "http://registry.npm.taobao.org/http-errors/download/http-errors-1.6.3.tgz",
          "bundled": true
        },
        "koa-compose": {
          "version": "http://registry.npm.taobao.org/koa-compose/download/koa-compose-3.2.1.tgz",
          "bundled": true
        },
        "methods": {
          "version": "http://registry.npm.taobao.org/methods/download/methods-1.1.2.tgz",
          "bundled": true
        },
        "path-to-regexp": {
          "version": "http://registry.npm.taobao.org/path-to-regexp/download/path-to-regexp-1.7.0.tgz",
          "bundled": true
        },
        "urijs": {
          "version": "http://registry.npm.taobao.org/urijs/download/urijs-1.19.1.tgz",
          "bundled": true
        }
      }
    },
    "supervisor": {
      "version": "0.12.0",
      "resolved": "https://registry.npmjs.org/supervisor/-/supervisor-0.12.0.tgz",
      "integrity": "sha1-3n5jNwFbKRhRwQ81OMSn8EkX7ME="
    }
  }
}
